
Microsoft Visual Studio Solution File, Format Version 12.00
# Visual Studio Version 17
VisualStudioVersion = 17.8.34525.116
MinimumVisualStudioVersion = 10.0.40219.1
Project("{FAE04EC0-301F-11D3-BF4B-00C04F79EFBC}") = "dolgNumber", "dolgNumber\dolgNumber.csproj", "{138AAB5D-0965-44DD-9302-ABE231773D5E}"
EndProject
Global
	GlobalSection(SolutionConfigurationPlatforms) = preSolution
		Debug|Any CPU = Debug|Any CPU
		Release|Any CPU = Release|Any CPU
	EndGlobalSection
	GlobalSection(ProjectConfigurationPlatforms) = postSolution
		{138AAB5D-0965-44DD-9302-ABE231773D5E}.Debug|Any CPU.ActiveCfg = Debug|Any CPU
		{138AAB5D-0965-44DD-9302-ABE231773D5E}.Debug|Any CPU.Build.0 = Debug|Any CPU
		{138AAB5D-0965-44DD-9302-ABE231773D5E}.Release|Any CPU.ActiveCfg = Release|Any CPU
		{138AAB5D-0965-44DD-9302-ABE231773D5E}.Release|Any CPU.Build.0 = Release|Any CPU
	EndGlobalSection
	GlobalSection(SolutionProperties) = preSolution
		HideSolutionNode = FALSE
	EndGlobalSection
	GlobalSection(ExtensibilityGlobals) = postSolution
		SolutionGuid = {76EB7445-5959-4BD5-BDDA-0C1ABB657F83}
	EndGlobalSection
EndGlobal
